
Microsoft Visual Studio Solution File, Format Version 12.00
# Visual Studio 15
VisualStudioVersion = 15.0.27130.2010
MinimumVisualStudioVersion = 10.0.40219.1
Project("{FAE04EC0-301F-11D3-BF4B-00C04F79EFBC}") = "aplikacja2017", "aplikacja2017\aplikacja2017.csproj", "{7D05A78D-517C-4ECB-A821-E09278A175E9}"
EndProject
Global
	GlobalSection(SolutionConfigurationPlatforms) = preSolution
		Debug|Any CPU = Debug|Any CPU
		Release|Any CPU = Release|Any CPU
	EndGlobalSection
	GlobalSection(ProjectConfigurationPlatforms) = postSolution
		{7D05A78D-517C-4ECB-A821-E09278A175E9}.Debug|Any CPU.ActiveCfg = Debug|Any CPU
		{7D05A78D-517C-4ECB-A821-E09278A175E9}.Debug|Any CPU.Build.0 = Debug|Any CPU
		{7D05A78D-517C-4ECB-A821-E09278A175E9}.Release|Any CPU.ActiveCfg = Release|Any CPU
		{7D05A78D-517C-4ECB-A821-E09278A175E9}.Release|Any CPU.Build.0 = Release|Any CPU
	EndGlobalSection
	GlobalSection(SolutionProperties) = preSolution
		HideSolutionNode = FALSE
	EndGlobalSection
	GlobalSection(ExtensibilityGlobals) = postSolution
		SolutionGuid = {4A17870D-AA89-4BB9-A8C1-307342F3D5AC}
	EndGlobalSection
EndGlobal
